// !$*UTF8*$!
{
	archiveVersion = 1;
	classes = {
	};
	objectVersion = 46;
	objects = {

/* Begin PBXBuildFile section */
		DC36C7F515B25AC800B559F4 /* CoreText.framework in Frameworks */ = {isa = PBXBuildFile; fileRef = DC36C7F415B25AC800B559F4 /* CoreText.framework */; };
		DC8574F4174E012B008D8B76 /* CommonToolkit.framework in Frameworks */ = {isa = PBXBuildFile; fileRef = DC8574F3174E012A008D8B76 /* CommonToolkit.framework */; };
		DC8574F9174E0186008D8B76 /* InfoPlist.strings in Resources */ = {isa = PBXBuildFile; fileRef = DC8574F5174E0186008D8B76 /* InfoPlist.strings */; };
		DC8574FA174E0186008D8B76 /* Localizable.strings in Resources */ = {isa = PBXBuildFile; fileRef = DC8574F7174E0186008D8B76 /* Localizable.strings */; };
		DCAD36BF158F859B0013F438 /* Pinyin4jBundle.bundle in Resources */ = {isa = PBXBuildFile; fileRef = DCAD36BE158F859B0013F438 /* Pinyin4jBundle.bundle */; };
		DCBBB32B158A3626007C2301 /* UIKit.framework in Frameworks */ = {isa = PBXBuildFile; fileRef = DCBBB32A158A3626007C2301 /* UIKit.framework */; };
		DCBBB32D158A3626007C2301 /* Foundation.framework in Frameworks */ = {isa = PBXBuildFile; fileRef = DCBBB32C158A3626007C2301 /* Foundation.framework */; };
		DCBBB32F158A3626007C2301 /* CoreGraphics.framework in Frameworks */ = {isa = PBXBuildFile; fileRef = DCBBB32E158A3626007C2301 /* CoreGraphics.framework */; };
		DCBBB337158A3626007C2301 /* main.m in Sources */ = {isa = PBXBuildFile; fileRef = DCBBB336158A3626007C2301 /* main.m */; };
		DCBBB33B158A3626007C2301 /* AppDelegate.m in Sources */ = {isa = PBXBuildFile; fileRef = DCBBB33A158A3626007C2301 /* AppDelegate.m */; };
		DCBBB352158A3751007C2301 /* AddressBook.framework in Frameworks */ = {isa = PBXBuildFile; fileRef = DCBBB351158A3751007C2301 /* AddressBook.framework */; };
		DCBBB354158A3758007C2301 /* CFNetwork.framework in Frameworks */ = {isa = PBXBuildFile; fileRef = DCBBB353158A3758007C2301 /* CFNetwork.framework */; };
		DCBBB356158A3762007C2301 /* MobileCoreServices.framework in Frameworks */ = {isa = PBXBuildFile; fileRef = DCBBB355158A3762007C2301 /* MobileCoreServices.framework */; };
		DCBBB358158A3768007C2301 /* SystemConfiguration.framework in Frameworks */ = {isa = PBXBuildFile; fileRef = DCBBB357158A3768007C2301 /* SystemConfiguration.framework */; };
		DCBBB35A158A376C007C2301 /* libz.dylib in Frameworks */ = {isa = PBXBuildFile; fileRef = DCBBB359158A376C007C2301 /* libz.dylib */; };
		DCBBB35D158A3848007C2301 /* UserLoginViewController.m in Sources */ = {isa = PBXBuildFile; fileRef = DCBBB35C158A3848007C2301 /* UserLoginViewController.m */; };
		DCBBB360158A386C007C2301 /* UserRegisterViewController.m in Sources */ = {isa = PBXBuildFile; fileRef = DCBBB35F158A386C007C2301 /* UserRegisterViewController.m */; };
		DCBBB363158A3883007C2301 /* UserLoginView.m in Sources */ = {isa = PBXBuildFile; fileRef = DCBBB362158A3883007C2301 /* UserLoginView.m */; };
		DCBBB366158A3896007C2301 /* UserRegisterView.m in Sources */ = {isa = PBXBuildFile; fileRef = DCBBB365158A3896007C2301 /* UserRegisterView.m */; };
		DCC03695159C6D1C00D19A26 /* libicucore.dylib in Frameworks */ = {isa = PBXBuildFile; fileRef = DCC03694159C6D1C00D19A26 /* libicucore.dylib */; };
		DCD6AEF1158EF14C00CBBBDB /* CommonToolkitBundle.bundle in Resources */ = {isa = PBXBuildFile; fileRef = DCD6AEED158EF14C00CBBBDB /* CommonToolkitBundle.bundle */; };
/* End PBXBuildFile section */

/* Begin PBXFileReference section */
		DC36C7F415B25AC800B559F4 /* CoreText.framework */ = {isa = PBXFileReference; lastKnownFileType = wrapper.framework; name = CoreText.framework; path = System/Library/Frameworks/CoreText.framework; sourceTree = SDKROOT; };
		DC8574F3174E012A008D8B76 /* CommonToolkit.framework */ = {isa = PBXFileReference; lastKnownFileType = wrapper.framework; name = CommonToolkit.framework; path = Walkwork/OtherFrameworks/CommonToolkit.framework; sourceTree = "<group>"; };
		DC8574F6174E0186008D8B76 /* en */ = {isa = PBXFileReference; lastKnownFileType = text.plist.strings; name = en; path = Resources/Internationalization/en.lproj/InfoPlist.strings; sourceTree = "<group>"; };
		DC8574F8174E0186008D8B76 /* en */ = {isa = PBXFileReference; lastKnownFileType = text.plist.strings; name = en; path = Resources/Internationalization/en.lproj/Localizable.strings; sourceTree = "<group>"; };
		DC8574FB174E0195008D8B76 /* zh-Hans */ = {isa = PBXFileReference; lastKnownFileType = text.plist.strings; name = "zh-Hans"; path = "Resources/Internationalization/zh-Hans.lproj/InfoPlist.strings"; sourceTree = "<group>"; };
		DC8574FC174E0195008D8B76 /* zh-Hans */ = {isa = PBXFileReference; lastKnownFileType = text.plist.strings; name = "zh-Hans"; path = "Resources/Internationalization/zh-Hans.lproj/Localizable.strings"; sourceTree = "<group>"; };
		DC8574FD174E01A0008D8B76 /* zh-Hant */ = {isa = PBXFileReference; lastKnownFileType = text.plist.strings; name = "zh-Hant"; path = "Resources/Internationalization/zh-Hant.lproj/InfoPlist.strings"; sourceTree = "<group>"; };
		DC8574FE174E01A0008D8B76 /* zh-Hant */ = {isa = PBXFileReference; lastKnownFileType = text.plist.strings; name = "zh-Hant"; path = "Resources/Internationalization/zh-Hant.lproj/Localizable.strings"; sourceTree = "<group>"; };
		DCAD36BE158F859B0013F438 /* Pinyin4jBundle.bundle */ = {isa = PBXFileReference; lastKnownFileType = "wrapper.plug-in"; path = Pinyin4jBundle.bundle; sourceTree = "<group>"; };
		DCBBB326158A3626007C2301 /* Walkwork.app */ = {isa = PBXFileReference; explicitFileType = wrapper.application; includeInIndex = 0; path = Walkwork.app; sourceTree = BUILT_PRODUCTS_DIR; };
		DCBBB32A158A3626007C2301 /* UIKit.framework */ = {isa = PBXFileReference; lastKnownFileType = wrapper.framework; name = UIKit.framework; path = System/Library/Frameworks/UIKit.framework; sourceTree = SDKROOT; };
		DCBBB32C158A3626007C2301 /* Foundation.framework */ = {isa = PBXFileReference; lastKnownFileType = wrapper.framework; name = Foundation.framework; path = System/Library/Frameworks/Foundation.framework; sourceTree = SDKROOT; };
		DCBBB32E158A3626007C2301 /* CoreGraphics.framework */ = {isa = PBXFileReference; lastKnownFileType = wrapper.framework; name = CoreGraphics.framework; path = System/Library/Frameworks/CoreGraphics.framework; sourceTree = SDKROOT; };
		DCBBB332158A3626007C2301 /* Walkwork-Info.plist */ = {isa = PBXFileReference; fileEncoding = 4; lastKnownFileType = text.plist.xml; path = "Walkwork-Info.plist"; sourceTree = "<group>"; };
		DCBBB336158A3626007C2301 /* main.m */ = {isa = PBXFileReference; lastKnownFileType = sourcecode.c.objc; path = main.m; sourceTree = "<group>"; };
		DCBBB338158A3626007C2301 /* Walkwork-Prefix.pch */ = {isa = PBXFileReference; lastKnownFileType = sourcecode.c.h; path = "Walkwork-Prefix.pch"; sourceTree = "<group>"; };
		DCBBB339158A3626007C2301 /* AppDelegate.h */ = {isa = PBXFileReference; lastKnownFileType = sourcecode.c.h; path = AppDelegate.h; sourceTree = "<group>"; };
		DCBBB33A158A3626007C2301 /* AppDelegate.m */ = {isa = PBXFileReference; lastKnownFileType = sourcecode.c.objc; path = AppDelegate.m; sourceTree = "<group>"; };
		DCBBB351158A3751007C2301 /* AddressBook.framework */ = {isa = PBXFileReference; lastKnownFileType = wrapper.framework; name = AddressBook.framework; path = System/Library/Frameworks/AddressBook.framework; sourceTree = SDKROOT; };
		DCBBB353158A3758007C2301 /* CFNetwork.framework */ = {isa = PBXFileReference; lastKnownFileType = wrapper.framework; name = CFNetwork.framework; path = System/Library/Frameworks/CFNetwork.framework; sourceTree = SDKROOT; };
		DCBBB355158A3762007C2301 /* MobileCoreServices.framework */ = {isa = PBXFileReference; lastKnownFileType = wrapper.framework; name = MobileCoreServices.framework; path = System/Library/Frameworks/MobileCoreServices.framework; sourceTree = SDKROOT; };
		DCBBB357158A3768007C2301 /* SystemConfiguration.framework */ = {isa = PBXFileReference; lastKnownFileType = wrapper.framework; name = SystemConfiguration.framework; path = System/Library/Frameworks/SystemConfiguration.framework; sourceTree = SDKROOT; };
		DCBBB359158A376C007C2301 /* libz.dylib */ = {isa = PBXFileReference; lastKnownFileType = "compiled.mach-o.dylib"; name = libz.dylib; path = usr/lib/libz.dylib; sourceTree = SDKROOT; };
		DCBBB35B158A3848007C2301 /* UserLoginViewController.h */ = {isa = PBXFileReference; fileEncoding = 4; lastKnownFileType = sourcecode.c.h; name = UserLoginViewController.h; path = viewControllers/UserLoginViewController.h; sourceTree = "<group>"; };
		DCBBB35C158A3848007C2301 /* UserLoginViewController.m */ = {isa = PBXFileReference; fileEncoding = 4; lastKnownFileType = sourcecode.c.objc; name = UserLoginViewController.m; path = viewControllers/UserLoginViewController.m; sourceTree = "<group>"; };
		DCBBB35E158A386C007C2301 /* UserRegisterViewController.h */ = {isa = PBXFileReference; fileEncoding = 4; lastKnownFileType = sourcecode.c.h; name = UserRegisterViewController.h; path = viewControllers/UserRegisterViewController.h; sourceTree = "<group>"; };
		DCBBB35F158A386C007C2301 /* UserRegisterViewController.m */ = {isa = PBXFileReference; fileEncoding = 4; lastKnownFileType = sourcecode.c.objc; name = UserRegisterViewController.m; path = viewControllers/UserRegisterViewController.m; sourceTree = "<group>"; };
		DCBBB361158A3883007C2301 /* UserLoginView.h */ = {isa = PBXFileReference; fileEncoding = 4; lastKnownFileType = sourcecode.c.h; name = UserLoginView.h; path = views/UserLoginView.h; sourceTree = "<group>"; };
		DCBBB362158A3883007C2301 /* UserLoginView.m */ = {isa = PBXFileReference; fileEncoding = 4; lastKnownFileType = sourcecode.c.objc; name = UserLoginView.m; path = views/UserLoginView.m; sourceTree = "<group>"; };
		DCBBB364158A3896007C2301 /* UserRegisterView.h */ = {isa = PBXFileReference; fileEncoding = 4; lastKnownFileType = sourcecode.c.h; name = UserRegisterView.h; path = views/UserRegisterView.h; sourceTree = "<group>"; };
		DCBBB365158A3896007C2301 /* UserRegisterView.m */ = {isa = PBXFileReference; fileEncoding = 4; lastKnownFileType = sourcecode.c.objc; name = UserRegisterView.m; path = views/UserRegisterView.m; sourceTree = "<group>"; };
		DCC03694159C6D1C00D19A26 /* libicucore.dylib */ = {isa = PBXFileReference; lastKnownFileType = "compiled.mach-o.dylib"; name = libicucore.dylib; path = usr/lib/libicucore.dylib; sourceTree = SDKROOT; };
		DCD6AEED158EF14C00CBBBDB /* CommonToolkitBundle.bundle */ = {isa = PBXFileReference; lastKnownFileType = "wrapper.plug-in"; path = CommonToolkitBundle.bundle; sourceTree = "<group>"; };
/* End PBXFileReference section */

/* Begin PBXFrameworksBuildPhase section */
		DCBBB323158A3626007C2301 /* Frameworks */ = {
			isa = PBXFrameworksBuildPhase;
			buildActionMask = 2147483647;
			files = (
				DC8574F4174E012B008D8B76 /* CommonToolkit.framework in Frameworks */,
				DCC03695159C6D1C00D19A26 /* libicucore.dylib in Frameworks */,
				DCBBB35A158A376C007C2301 /* libz.dylib in Frameworks */,
				DC36C7F515B25AC800B559F4 /* CoreText.framework in Frameworks */,
				DCBBB358158A3768007C2301 /* SystemConfiguration.framework in Frameworks */,
				DCBBB356158A3762007C2301 /* MobileCoreServices.framework in Frameworks */,
				DCBBB354158A3758007C2301 /* CFNetwork.framework in Frameworks */,
				DCBBB352158A3751007C2301 /* AddressBook.framework in Frameworks */,
				DCBBB32B158A3626007C2301 /* UIKit.framework in Frameworks */,
				DCBBB32D158A3626007C2301 /* Foundation.framework in Frameworks */,
				DCBBB32F158A3626007C2301 /* CoreGraphics.framework in Frameworks */,
			);
			runOnlyForDeploymentPostprocessing = 0;
		};
/* End PBXFrameworksBuildPhase section */

/* Begin PBXGroup section */
		DCBBB31B158A3626007C2301 = {
			isa = PBXGroup;
			children = (
				DCBBB329158A3626007C2301 /* Frameworks */,
				DCBBB327158A3626007C2301 /* Products */,
				DCBBB330158A3626007C2301 /* Walkwork */,
			);
			sourceTree = "<group>";
		};
		DCBBB327158A3626007C2301 /* Products */ = {
			isa = PBXGroup;
			children = (
				DCBBB326158A3626007C2301 /* Walkwork.app */,
			);
			name = Products;
			sourceTree = "<group>";
		};
		DCBBB329158A3626007C2301 /* Frameworks */ = {
			isa = PBXGroup;
			children = (
				DCC03694159C6D1C00D19A26 /* libicucore.dylib */,
				DCBBB359158A376C007C2301 /* libz.dylib */,
				DCBBB351158A3751007C2301 /* AddressBook.framework */,
				DCBBB353158A3758007C2301 /* CFNetwork.framework */,
				DC8574F3174E012A008D8B76 /* CommonToolkit.framework */,
				DCBBB32E158A3626007C2301 /* CoreGraphics.framework */,
				DC36C7F415B25AC800B559F4 /* CoreText.framework */,
				DCBBB32C158A3626007C2301 /* Foundation.framework */,
				DCBBB355158A3762007C2301 /* MobileCoreServices.framework */,
				DCBBB357158A3768007C2301 /* SystemConfiguration.framework */,
				DCBBB32A158A3626007C2301 /* UIKit.framework */,
			);
			name = Frameworks;
			sourceTree = "<group>";
		};
		DCBBB330158A3626007C2301 /* Walkwork */ = {
			isa = PBXGroup;
			children = (
				DCBBB347158A36E7007C2301 /* App */,
				DCBBB339158A3626007C2301 /* AppDelegate.h */,
				DCBBB33A158A3626007C2301 /* AppDelegate.m */,
				DCD6AEEB158EF14C00CBBBDB /* Resources */,
				DCBBB331158A3626007C2301 /* Supporting Files */,
			);
			path = Walkwork;
			sourceTree = "<group>";
		};
		DCBBB331158A3626007C2301 /* Supporting Files */ = {
			isa = PBXGroup;
			children = (
				DC8574F5174E0186008D8B76 /* InfoPlist.strings */,
				DC8574F7174E0186008D8B76 /* Localizable.strings */,
				DCBBB336158A3626007C2301 /* main.m */,
				DCBBB332158A3626007C2301 /* Walkwork-Info.plist */,
				DCBBB338158A3626007C2301 /* Walkwork-Prefix.pch */,
			);
			name = "Supporting Files";
			sourceTree = "<group>";
		};
		DCBBB347158A36E7007C2301 /* App */ = {
			isa = PBXGroup;
			children = (
				DCBBB34C158A3700007C2301 /* System */,
			);
			name = App;
			sourceTree = "<group>";
		};
		DCBBB34C158A3700007C2301 /* System */ = {
			isa = PBXGroup;
			children = (
				DCBBB34D158A3708007C2301 /* Login */,
				DCBBB34E158A370E007C2301 /* Register */,
			);
			name = System;
			sourceTree = "<group>";
		};
		DCBBB34D158A3708007C2301 /* Login */ = {
			isa = PBXGroup;
			children = (
				DCBBB361158A3883007C2301 /* UserLoginView.h */,
				DCBBB362158A3883007C2301 /* UserLoginView.m */,
				DCBBB35B158A3848007C2301 /* UserLoginViewController.h */,
				DCBBB35C158A3848007C2301 /* UserLoginViewController.m */,
			);
			name = Login;
			sourceTree = "<group>";
		};
		DCBBB34E158A370E007C2301 /* Register */ = {
			isa = PBXGroup;
			children = (
				DCBBB364158A3896007C2301 /* UserRegisterView.h */,
				DCBBB365158A3896007C2301 /* UserRegisterView.m */,
				DCBBB35E158A386C007C2301 /* UserRegisterViewController.h */,
				DCBBB35F158A386C007C2301 /* UserRegisterViewController.m */,
			);
			name = Register;
			sourceTree = "<group>";
		};
		DCD6AEEB158EF14C00CBBBDB /* Resources */ = {
			isa = PBXGroup;
			children = (
				DCD6AEEC158EF14C00CBBBDB /* Bundles */,
				DCD6AEEE158EF14C00CBBBDB /* Icons */,
				DCD6AEEF158EF14C00CBBBDB /* Images */,
				DCD6AEF0158EF14C00CBBBDB /* Splash */,
			);
			path = Resources;
			sourceTree = "<group>";
		};
		DCD6AEEC158EF14C00CBBBDB /* Bundles */ = {
			isa = PBXGroup;
			children = (
				DCD6AEED158EF14C00CBBBDB /* CommonToolkitBundle.bundle */,
				DCAD36BE158F859B0013F438 /* Pinyin4jBundle.bundle */,
			);
			path = Bundles;
			sourceTree = "<group>";
		};
		DCD6AEEE158EF14C00CBBBDB /* Icons */ = {
			isa = PBXGroup;
			children = (
			);
			path = Icons;
			sourceTree = "<group>";
		};
		DCD6AEEF158EF14C00CBBBDB /* Images */ = {
			isa = PBXGroup;
			children = (
			);
			path = Images;
			sourceTree = "<group>";
		};
		DCD6AEF0158EF14C00CBBBDB /* Splash */ = {
			isa = PBXGroup;
			children = (
			);
			path = Splash;
			sourceTree = "<group>";
		};
/* End PBXGroup section */

/* Begin PBXNativeTarget section */
		DCBBB325158A3626007C2301 /* Walkwork */ = {
			isa = PBXNativeTarget;
			buildConfigurationList = DCBBB344158A3626007C2301 /* Build configuration list for PBXNativeTarget "Walkwork" */;
			buildPhases = (
				DCBBB322158A3626007C2301 /* Sources */,
				DCBBB323158A3626007C2301 /* Frameworks */,
				DCBBB324158A3626007C2301 /* Resources */,
			);
			buildRules = (
			);
			dependencies = (
			);
			name = Walkwork;
			productName = Walkwork;
			productReference = DCBBB326158A3626007C2301 /* Walkwork.app */;
			productType = "com.apple.product-type.application";
		};
/* End PBXNativeTarget section */

/* Begin PBXProject section */
		DCBBB31D158A3626007C2301 /* Project object */ = {
			isa = PBXProject;
			attributes = {
				LastUpgradeCheck = 0460;
				ORGANIZATIONNAME = richitec;
			};
			buildConfigurationList = DCBBB320158A3626007C2301 /* Build configuration list for PBXProject "Walkwork" */;
			compatibilityVersion = "Xcode 3.2";
			developmentRegion = English;
			hasScannedForEncodings = 0;
			knownRegions = (
				en,
				"zh-Hans",
				"zh-Hant",
			);
			mainGroup = DCBBB31B158A3626007C2301;
			productRefGroup = DCBBB327158A3626007C2301 /* Products */;
			projectDirPath = "";
			projectRoot = "";
			targets = (
				DCBBB325158A3626007C2301 /* Walkwork */,
			);
		};
/* End PBXProject section */

/* Begin PBXResourcesBuildPhase section */
		DCBBB324158A3626007C2301 /* Resources */ = {
			isa = PBXResourcesBuildPhase;
			buildActionMask = 2147483647;
			files = (
				DCD6AEF1158EF14C00CBBBDB /* CommonToolkitBundle.bundle in Resources */,
				DCAD36BF158F859B0013F438 /* Pinyin4jBundle.bundle in Resources */,
				DC8574F9174E0186008D8B76 /* InfoPlist.strings in Resources */,
				DC8574FA174E0186008D8B76 /* Localizable.strings in Resources */,
			);
			runOnlyForDeploymentPostprocessing = 0;
		};
/* End PBXResourcesBuildPhase section */

/* Begin PBXSourcesBuildPhase section */
		DCBBB322158A3626007C2301 /* Sources */ = {
			isa = PBXSourcesBuildPhase;
			buildActionMask = 2147483647;
			files = (
				DCBBB337158A3626007C2301 /* main.m in Sources */,
				DCBBB33B158A3626007C2301 /* AppDelegate.m in Sources */,
				DCBBB35D158A3848007C2301 /* UserLoginViewController.m in Sources */,
				DCBBB360158A386C007C2301 /* UserRegisterViewController.m in Sources */,
				DCBBB363158A3883007C2301 /* UserLoginView.m in Sources */,
				DCBBB366158A3896007C2301 /* UserRegisterView.m in Sources */,
			);
			runOnlyForDeploymentPostprocessing = 0;
		};
/* End PBXSourcesBuildPhase section */

/* Begin PBXVariantGroup section */
		DC8574F5174E0186008D8B76 /* InfoPlist.strings */ = {
			isa = PBXVariantGroup;
			children = (
				DC8574F6174E0186008D8B76 /* en */,
				DC8574FB174E0195008D8B76 /* zh-Hans */,
				DC8574FD174E01A0008D8B76 /* zh-Hant */,
			);
			name = InfoPlist.strings;
			sourceTree = "<group>";
		};
		DC8574F7174E0186008D8B76 /* Localizable.strings */ = {
			isa = PBXVariantGroup;
			children = (
				DC8574F8174E0186008D8B76 /* en */,
				DC8574FC174E0195008D8B76 /* zh-Hans */,
				DC8574FE174E01A0008D8B76 /* zh-Hant */,
			);
			name = Localizable.strings;
			sourceTree = "<group>";
		};
/* End PBXVariantGroup section */

/* Begin XCBuildConfiguration section */
		DCBBB342158A3626007C2301 /* Debug */ = {
			isa = XCBuildConfiguration;
			buildSettings = {
				ALWAYS_SEARCH_USER_PATHS = NO;
				ARCHS = "$(ARCHS_STANDARD_32_BIT)";
				CLANG_ENABLE_OBJC_ARC = YES;
				CLANG_WARN_CONSTANT_CONVERSION = YES;
				CLANG_WARN_ENUM_CONVERSION = YES;
				CLANG_WARN_INT_CONVERSION = YES;
				CLANG_WARN__DUPLICATE_METHOD_MATCH = YES;
				CODE_SIGN_IDENTITY = "";
				"CODE_SIGN_IDENTITY[sdk=iphoneos*]" = "iPhone Developer: guanghui hu (TS23V9C6Z2)";
				COPY_PHASE_STRIP = NO;
				GCC_C_LANGUAGE_STANDARD = gnu99;
				GCC_DYNAMIC_NO_PIC = NO;
				GCC_OPTIMIZATION_LEVEL = 0;
				GCC_PREPROCESSOR_DEFINITIONS = (
					"DEBUG=1",
					"$(inherited)",
				);
				GCC_SYMBOLS_PRIVATE_EXTERN = NO;
				GCC_VERSION = com.apple.compilers.llvm.clang.1_0;
				GCC_WARN_ABOUT_RETURN_TYPE = YES;
				GCC_WARN_UNINITIALIZED_AUTOS = YES;
				GCC_WARN_UNUSED_VARIABLE = YES;
				IPHONEOS_DEPLOYMENT_TARGET = 4.3;
				"PROVISIONING_PROFILE[sdk=iphoneos*]" = "18325F67-E9FB-44CF-852B-BEEA2FF29D43";
				SDKROOT = iphoneos;
			};
			name = Debug;
		};
		DCBBB343158A3626007C2301 /* Release */ = {
			isa = XCBuildConfiguration;
			buildSettings = {
				ALWAYS_SEARCH_USER_PATHS = NO;
				ARCHS = "$(ARCHS_STANDARD_32_BIT)";
				CLANG_ENABLE_OBJC_ARC = YES;
				CLANG_WARN_CONSTANT_CONVERSION = YES;
				CLANG_WARN_ENUM_CONVERSION = YES;
				CLANG_WARN_INT_CONVERSION = YES;
				CLANG_WARN__DUPLICATE_METHOD_MATCH = YES;
				"CODE_SIGN_IDENTITY[sdk=iphoneos*]" = "iPhone Distribution: guanghui hu";
				COPY_PHASE_STRIP = YES;
				GCC_C_LANGUAGE_STANDARD = gnu99;
				GCC_VERSION = com.apple.compilers.llvm.clang.1_0;
				GCC_WARN_ABOUT_RETURN_TYPE = YES;
				GCC_WARN_UNINITIALIZED_AUTOS = YES;
				GCC_WARN_UNUSED_VARIABLE = YES;
				IPHONEOS_DEPLOYMENT_TARGET = 4.3;
				OTHER_CFLAGS = "-DNS_BLOCK_ASSERTIONS=1";
				"PROVISIONING_PROFILE[sdk=iphoneos*]" = "78424ABC-9B28-4CFE-B1B4-2E3B4D692EAE";
				SDKROOT = iphoneos;
				VALIDATE_PRODUCT = YES;
			};
			name = Release;
		};
		DCBBB345158A3626007C2301 /* Debug */ = {
			isa = XCBuildConfiguration;
			buildSettings = {
				"CODE_SIGN_IDENTITY[sdk=iphoneos*]" = "iPhone Developer: guanghui hu (TS23V9C6Z2)";
				FRAMEWORK_SEARCH_PATHS = (
					"$(inherited)",
					"\"$(SRCROOT)/Walkwork/OtherFrameworks\"",
				);
				GCC_PRECOMPILE_PREFIX_HEADER = YES;
				GCC_PREFIX_HEADER = "Walkwork/Walkwork-Prefix.pch";
				INFOPLIST_FILE = "Walkwork/Walkwork-Info.plist";
				PRODUCT_NAME = "$(TARGET_NAME)";
				"PROVISIONING_PROFILE[sdk=iphoneos*]" = "18325F67-E9FB-44CF-852B-BEEA2FF29D43";
				WRAPPER_EXTENSION = app;
			};
			name = Debug;
		};
		DCBBB346158A3626007C2301 /* Release */ = {
			isa = XCBuildConfiguration;
			buildSettings = {
				"CODE_SIGN_IDENTITY[sdk=iphoneos*]" = "iPhone Distribution: guanghui hu";
				FRAMEWORK_SEARCH_PATHS = (
					"$(inherited)",
					"\"$(SRCROOT)/Walkwork/OtherFrameworks\"",
				);
				GCC_PRECOMPILE_PREFIX_HEADER = YES;
				GCC_PREFIX_HEADER = "Walkwork/Walkwork-Prefix.pch";
				INFOPLIST_FILE = "Walkwork/Walkwork-Info.plist";
				PRODUCT_NAME = "$(TARGET_NAME)";
				"PROVISIONING_PROFILE[sdk=iphoneos*]" = "78424ABC-9B28-4CFE-B1B4-2E3B4D692EAE";
				WRAPPER_EXTENSION = app;
			};
			name = Release;
		};
/* End XCBuildConfiguration section */

/* Begin XCConfigurationList section */
		DCBBB320158A3626007C2301 /* Build configuration list for PBXProject "Walkwork" */ = {
			isa = XCConfigurationList;
			buildConfigurations = (
				DCBBB342158A3626007C2301 /* Debug */,
				DCBBB343158A3626007C2301 /* Release */,
			);
			defaultConfigurationIsVisible = 0;
			defaultConfigurationName = Release;
		};
		DCBBB344158A3626007C2301 /* Build configuration list for PBXNativeTarget "Walkwork" */ = {
			isa = XCConfigurationList;
			buildConfigurations = (
				DCBBB345158A3626007C2301 /* Debug */,
				DCBBB346158A3626007C2301 /* Release */,
			);
			defaultConfigurationIsVisible = 0;
			defaultConfigurationName = Release;
		};
/* End XCConfigurationList section */
	};
	rootObject = DCBBB31D158A3626007C2301 /* Project object */;
}
